
Microsoft Visual Studio Solution File, Format Version 12.00
# Visual Studio 2012
Project("{FAE04EC0-301F-11D3-BF4B-00C04F79EFBC}") = "KevsMath", "KevsMath\KevsMath.csproj", "{28DBC0D0-6E08-48EC-91F7-3EB260E60631}"
EndProject
Global
	GlobalSection(SolutionConfigurationPlatforms) = preSolution
		Debug|Any CPU = Debug|Any CPU
		Release|Any CPU = Release|Any CPU
	EndGlobalSection
	GlobalSection(ProjectConfigurationPlatforms) = postSolution
		{28DBC0D0-6E08-48EC-91F7-3EB260E60631}.Debug|Any CPU.ActiveCfg = Debug|Any CPU
		{28DBC0D0-6E08-48EC-91F7-3EB260E60631}.Debug|Any CPU.Build.0 = Debug|Any CPU
		{28DBC0D0-6E08-48EC-91F7-3EB260E60631}.Release|Any CPU.ActiveCfg = Release|Any CPU
		{28DBC0D0-6E08-48EC-91F7-3EB260E60631}.Release|Any CPU.Build.0 = Release|Any CPU
	EndGlobalSection
	GlobalSection(SolutionProperties) = preSolution
		HideSolutionNode = FALSE
	EndGlobalSection
EndGlobal
